
Microsoft Visual Studio Solution File, Format Version 12.00
# Visual Studio 2012
Project("{8BC9CEB8-8B4A-11D0-8D11-00A0C91BC942}") = "CheckersLibs", "CheckersLibs\CheckersLibs.vcxproj", "{A762F38F-1973-4B3A-95DB-DBF3ABED1766}"
EndProject
Project("{8BC9CEB8-8B4A-11D0-8D11-00A0C91BC942}") = "TestCheckersLibs", "UnitTest1\UnitTest1.vcxproj", "{01AED663-C00B-41E4-8298-099D5C452AB5}"
EndProject
Project("{8BC9CEB8-8B4A-11D0-8D11-00A0C91BC942}") = "GetBestMove", "GetBestMove\GetBestMove.vcxproj", "{0B9EA6D5-EAE5-4CC8-B149-F16F10A73BA9}"
EndProject
Global
	GlobalSection(SolutionConfigurationPlatforms) = preSolution
		Debug|Win32 = Debug|Win32
		Release|Win32 = Release|Win32
	EndGlobalSection
	GlobalSection(ProjectConfigurationPlatforms) = postSolution
		{A762F38F-1973-4B3A-95DB-DBF3ABED1766}.Debug|Win32.ActiveCfg = Debug|Win32
		{A762F38F-1973-4B3A-95DB-DBF3ABED1766}.Debug|Win32.Build.0 = Debug|Win32
		{A762F38F-1973-4B3A-95DB-DBF3ABED1766}.Release|Win32.ActiveCfg = Release|Win32
		{A762F38F-1973-4B3A-95DB-DBF3ABED1766}.Release|Win32.Build.0 = Release|Win32
		{01AED663-C00B-41E4-8298-099D5C452AB5}.Debug|Win32.ActiveCfg = Debug|Win32
		{01AED663-C00B-41E4-8298-099D5C452AB5}.Debug|Win32.Build.0 = Debug|Win32
		{01AED663-C00B-41E4-8298-099D5C452AB5}.Release|Win32.ActiveCfg = Release|Win32
		{01AED663-C00B-41E4-8298-099D5C452AB5}.Release|Win32.Build.0 = Release|Win32
		{0B9EA6D5-EAE5-4CC8-B149-F16F10A73BA9}.Debug|Win32.ActiveCfg = Debug|Win32
		{0B9EA6D5-EAE5-4CC8-B149-F16F10A73BA9}.Debug|Win32.Build.0 = Debug|Win32
		{0B9EA6D5-EAE5-4CC8-B149-F16F10A73BA9}.Release|Win32.ActiveCfg = Release|Win32
		{0B9EA6D5-EAE5-4CC8-B149-F16F10A73BA9}.Release|Win32.Build.0 = Release|Win32
	EndGlobalSection
	GlobalSection(SolutionProperties) = preSolution
		HideSolutionNode = FALSE
	EndGlobalSection
EndGlobal
